
Microsoft Visual Studio Solution File, Format Version 12.00
# Visual Studio 15
VisualStudioVersion = 15.0.27130.2036
MinimumVisualStudioVersion = 10.0.40219.1
Project("{FAE04EC0-301F-11D3-BF4B-00C04F79EFBC}") = "Wpf_Binding", "Wpf_Binding\Wpf_Binding.csproj", "{5E7FD20B-4018-41B8-BBE9-83E513C94A9B}"
EndProject
Project("{FAE04EC0-301F-11D3-BF4B-00C04F79EFBC}") = "SingleObject", "SingleObject\SingleObject.csproj", "{333A1D00-AF2F-4AB9-9022-E0D112DA2174}"
EndProject
Project("{FAE04EC0-301F-11D3-BF4B-00C04F79EFBC}") = "Collection", "Collection\Collection.csproj", "{EEED259A-BD42-4E04-8FA1-D913B3B036B7}"
EndProject
Project("{FAE04EC0-301F-11D3-BF4B-00C04F79EFBC}") = "DataTemplates", "DataTemplates\DataTemplates.csproj", "{223EE5F7-5E9E-4244-B2AF-27BE55EA84F8}"
EndProject
Global
	GlobalSection(SolutionConfigurationPlatforms) = preSolution
		Debug|Any CPU = Debug|Any CPU
		Release|Any CPU = Release|Any CPU
	EndGlobalSection
	GlobalSection(ProjectConfigurationPlatforms) = postSolution
		{5E7FD20B-4018-41B8-BBE9-83E513C94A9B}.Debug|Any CPU.ActiveCfg = Debug|Any CPU
		{5E7FD20B-4018-41B8-BBE9-83E513C94A9B}.Debug|Any CPU.Build.0 = Debug|Any CPU
		{5E7FD20B-4018-41B8-BBE9-83E513C94A9B}.Release|Any CPU.ActiveCfg = Release|Any CPU
		{5E7FD20B-4018-41B8-BBE9-83E513C94A9B}.Release|Any CPU.Build.0 = Release|Any CPU
		{333A1D00-AF2F-4AB9-9022-E0D112DA2174}.Debug|Any CPU.ActiveCfg = Debug|Any CPU
		{333A1D00-AF2F-4AB9-9022-E0D112DA2174}.Debug|Any CPU.Build.0 = Debug|Any CPU
		{333A1D00-AF2F-4AB9-9022-E0D112DA2174}.Release|Any CPU.ActiveCfg = Release|Any CPU
		{333A1D00-AF2F-4AB9-9022-E0D112DA2174}.Release|Any CPU.Build.0 = Release|Any CPU
		{EEED259A-BD42-4E04-8FA1-D913B3B036B7}.Debug|Any CPU.ActiveCfg = Debug|Any CPU
		{EEED259A-BD42-4E04-8FA1-D913B3B036B7}.Debug|Any CPU.Build.0 = Debug|Any CPU
		{EEED259A-BD42-4E04-8FA1-D913B3B036B7}.Release|Any CPU.ActiveCfg = Release|Any CPU
		{EEED259A-BD42-4E04-8FA1-D913B3B036B7}.Release|Any CPU.Build.0 = Release|Any CPU
		{223EE5F7-5E9E-4244-B2AF-27BE55EA84F8}.Debug|Any CPU.ActiveCfg = Debug|Any CPU
		{223EE5F7-5E9E-4244-B2AF-27BE55EA84F8}.Debug|Any CPU.Build.0 = Debug|Any CPU
		{223EE5F7-5E9E-4244-B2AF-27BE55EA84F8}.Release|Any CPU.ActiveCfg = Release|Any CPU
		{223EE5F7-5E9E-4244-B2AF-27BE55EA84F8}.Release|Any CPU.Build.0 = Release|Any CPU
	EndGlobalSection
	GlobalSection(SolutionProperties) = preSolution
		HideSolutionNode = FALSE
	EndGlobalSection
	GlobalSection(ExtensibilityGlobals) = postSolution
		SolutionGuid = {BCCD34E3-6DA4-4C62-BBB9-E42845B0D27C}
	EndGlobalSection
EndGlobal
