
Microsoft Visual Studio Solution File, Format Version 12.00
# Visual Studio 15
VisualStudioVersion = 15.0.27130.2036
MinimumVisualStudioVersion = 10.0.40219.1
Project("{FAE04EC0-301F-11D3-BF4B-00C04F79EFBC}") = "Wpf_Binding", "Wpf_Binding\Wpf_Binding.csproj", "{5E7FD20B-4018-41B8-BBE9-83E513C94A9B}"
EndProject
Global
	GlobalSection(SolutionConfigurationPlatforms) = preSolution
		Debug|Any CPU = Debug|Any CPU
		Release|Any CPU = Release|Any CPU
	EndGlobalSection
	GlobalSection(ProjectConfigurationPlatforms) = postSolution
		{5E7FD20B-4018-41B8-BBE9-83E513C94A9B}.Debug|Any CPU.ActiveCfg = Debug|Any CPU
		{5E7FD20B-4018-41B8-BBE9-83E513C94A9B}.Debug|Any CPU.Build.0 = Debug|Any CPU
		{5E7FD20B-4018-41B8-BBE9-83E513C94A9B}.Release|Any CPU.ActiveCfg = Release|Any CPU
		{5E7FD20B-4018-41B8-BBE9-83E513C94A9B}.Release|Any CPU.Build.0 = Release|Any CPU
	EndGlobalSection
	GlobalSection(SolutionProperties) = preSolution
		HideSolutionNode = FALSE
	EndGlobalSection
	GlobalSection(ExtensibilityGlobals) = postSolution
		SolutionGuid = {BCCD34E3-6DA4-4C62-BBB9-E42845B0D27C}
	EndGlobalSection
EndGlobal
